
Microsoft Visual Studio Solution File, Format Version 12.00
# Visual Studio Version 17
VisualStudioVersion = 17.10.35013.160
MinimumVisualStudioVersion = 10.0.40219.1
Project("{9A19103F-16F7-4668-BE54-9A1E7A4F7556}") = "Ueb11a_Strassenverkehrsamt", "Ueb11a_Strassenverkehrsamt\Ueb11a_Strassenverkehrsamt.csproj", "{16630EE8-CC56-4CA3-90FF-F24FDE6B8B7E}"
EndProject
Project("{FAE04EC0-301F-11D3-BF4B-00C04F79EFBC}") = "Ueb11a_StrassenverkehrsamtTest", "Ueb11a_StrassenverkehrsamtTest\Ueb11a_StrassenverkehrsamtTest.csproj", "{2AE6F03D-522C-477D-A065-0D7D974287C6}"
EndProject
Global
	GlobalSection(SolutionConfigurationPlatforms) = preSolution
		Debug|Any CPU = Debug|Any CPU
		Release|Any CPU = Release|Any CPU
	EndGlobalSection
	GlobalSection(ProjectConfigurationPlatforms) = postSolution
		{16630EE8-CC56-4CA3-90FF-F24FDE6B8B7E}.Debug|Any CPU.ActiveCfg = Debug|Any CPU
		{16630EE8-CC56-4CA3-90FF-F24FDE6B8B7E}.Debug|Any CPU.Build.0 = Debug|Any CPU
		{16630EE8-CC56-4CA3-90FF-F24FDE6B8B7E}.Release|Any CPU.ActiveCfg = Release|Any CPU
		{16630EE8-CC56-4CA3-90FF-F24FDE6B8B7E}.Release|Any CPU.Build.0 = Release|Any CPU
		{2AE6F03D-522C-477D-A065-0D7D974287C6}.Debug|Any CPU.ActiveCfg = Debug|Any CPU
		{2AE6F03D-522C-477D-A065-0D7D974287C6}.Debug|Any CPU.Build.0 = Debug|Any CPU
		{2AE6F03D-522C-477D-A065-0D7D974287C6}.Release|Any CPU.ActiveCfg = Release|Any CPU
		{2AE6F03D-522C-477D-A065-0D7D974287C6}.Release|Any CPU.Build.0 = Release|Any CPU
	EndGlobalSection
	GlobalSection(SolutionProperties) = preSolution
		HideSolutionNode = FALSE
	EndGlobalSection
	GlobalSection(ExtensibilityGlobals) = postSolution
		SolutionGuid = {F5A3D6F8-F9F2-446E-8AFF-D7FC40777907}
	EndGlobalSection
EndGlobal
